// !$*UTF8*$!
{
	archiveVersion = 1;
	classes = {
	};
	objectVersion = 50;
	objects = {

/* Begin PBXBuildFile section */
		9A26004E243E8C9100F4553E /* AppDelegate.swift in Sources */ = {isa = PBXBuildFile; fileRef = 9A26004D243E8C9100F4553E /* AppDelegate.swift */; };
		9A260053243E8C9100F4553E /* Karen.xcdatamodeld in Sources */ = {isa = PBXBuildFile; fileRef = 9A260051243E8C9100F4553E /* Karen.xcdatamodeld */; };
		9A260055243E8C9300F4553E /* Assets.xcassets in Resources */ = {isa = PBXBuildFile; fileRef = 9A260054243E8C9300F4553E /* Assets.xcassets */; };
		9A260058243E8C9300F4553E /* Main.storyboard in Resources */ = {isa = PBXBuildFile; fileRef = 9A260056243E8C9300F4553E /* Main.storyboard */; };
		9A260067243E8DE600F4553E /* Cocoa.framework in Frameworks */ = {isa = PBXBuildFile; fileRef = 9A260066243E8DE600F4553E /* Cocoa.framework */; };
		9A26006A243E8DE600F4553E /* SafariExtensionHandler.swift in Sources */ = {isa = PBXBuildFile; fileRef = 9A260069243E8DE600F4553E /* SafariExtensionHandler.swift */; };
		9A26006C243E8DE600F4553E /* SafariExtensionViewController.swift in Sources */ = {isa = PBXBuildFile; fileRef = 9A26006B243E8DE600F4553E /* SafariExtensionViewController.swift */; };
		9A26006F243E8DE600F4553E /* SafariExtensionViewController.xib in Resources */ = {isa = PBXBuildFile; fileRef = 9A26006D243E8DE600F4553E /* SafariExtensionViewController.xib */; };
		9A260072243E8DE600F4553E /* script.js in Resources */ = {isa = PBXBuildFile; fileRef = 9A260071243E8DE600F4553E /* script.js */; };
		9A260074243E8DE600F4553E /* ToolbarItemIcon.pdf in Resources */ = {isa = PBXBuildFile; fileRef = 9A260073243E8DE600F4553E /* ToolbarItemIcon.pdf */; };
		9A260078243E8DE600F4553E /* Extension.appex in Embed App Extensions */ = {isa = PBXBuildFile; fileRef = 9A260064243E8DE600F4553E /* Extension.appex */; settings = {ATTRIBUTES = (RemoveHeadersOnCopy, ); }; };
		9A26007E243E909A00F4553E /* WindowController.swift in Sources */ = {isa = PBXBuildFile; fileRef = 9A26007D243E909A00F4553E /* WindowController.swift */; };
		9A260080243E916B00F4553E /* MainView.swift in Sources */ = {isa = PBXBuildFile; fileRef = 9A26007F243E916B00F4553E /* MainView.swift */; };
/* End PBXBuildFile section */

/* Begin PBXContainerItemProxy section */
		9A260076243E8DE600F4553E /* PBXContainerItemProxy */ = {
			isa = PBXContainerItemProxy;
			containerPortal = 9A260042243E8C9100F4553E /* Project object */;
			proxyType = 1;
			remoteGlobalIDString = 9A260063243E8DE600F4553E;
			remoteInfo = Extension;
		};
/* End PBXContainerItemProxy section */

/* Begin PBXCopyFilesBuildPhase section */
		9A26007C243E8DE600F4553E /* Embed App Extensions */ = {
			isa = PBXCopyFilesBuildPhase;
			buildActionMask = 2147483647;
			dstPath = "";
			dstSubfolderSpec = 13;
			files = (
				9A260078243E8DE600F4553E /* Extension.appex in Embed App Extensions */,
			);
			name = "Embed App Extensions";
			runOnlyForDeploymentPostprocessing = 0;
		};
/* End PBXCopyFilesBuildPhase section */

/* Begin PBXFileReference section */
		9A26004A243E8C9100F4553E /* Karen.app */ = {isa = PBXFileReference; explicitFileType = wrapper.application; includeInIndex = 0; path = Karen.app; sourceTree = BUILT_PRODUCTS_DIR; };
		9A26004D243E8C9100F4553E /* AppDelegate.swift */ = {isa = PBXFileReference; lastKnownFileType = sourcecode.swift; path = AppDelegate.swift; sourceTree = "<group>"; };
		9A260052243E8C9100F4553E /* Karen.xcdatamodel */ = {isa = PBXFileReference; lastKnownFileType = wrapper.xcdatamodel; path = Karen.xcdatamodel; sourceTree = "<group>"; };
		9A260054243E8C9300F4553E /* Assets.xcassets */ = {isa = PBXFileReference; lastKnownFileType = folder.assetcatalog; path = Assets.xcassets; sourceTree = "<group>"; };
		9A260057243E8C9300F4553E /* Base */ = {isa = PBXFileReference; lastKnownFileType = file.storyboard; name = Base; path = Base.lproj/Main.storyboard; sourceTree = "<group>"; };
		9A260059243E8C9300F4553E /* Info.plist */ = {isa = PBXFileReference; lastKnownFileType = text.plist.xml; path = Info.plist; sourceTree = "<group>"; };
		9A26005A243E8C9300F4553E /* Karen.entitlements */ = {isa = PBXFileReference; lastKnownFileType = text.plist.entitlements; path = Karen.entitlements; sourceTree = "<group>"; };
		9A260064243E8DE600F4553E /* Extension.appex */ = {isa = PBXFileReference; explicitFileType = "wrapper.app-extension"; includeInIndex = 0; path = Extension.appex; sourceTree = BUILT_PRODUCTS_DIR; };
		9A260066243E8DE600F4553E /* Cocoa.framework */ = {isa = PBXFileReference; lastKnownFileType = wrapper.framework; name = Cocoa.framework; path = System/Library/Frameworks/Cocoa.framework; sourceTree = SDKROOT; };
		9A260069243E8DE600F4553E /* SafariExtensionHandler.swift */ = {isa = PBXFileReference; lastKnownFileType = sourcecode.swift; path = SafariExtensionHandler.swift; sourceTree = "<group>"; };
		9A26006B243E8DE600F4553E /* SafariExtensionViewController.swift */ = {isa = PBXFileReference; lastKnownFileType = sourcecode.swift; path = SafariExtensionViewController.swift; sourceTree = "<group>"; };
		9A26006E243E8DE600F4553E /* Base */ = {isa = PBXFileReference; lastKnownFileType = file.xib; name = Base; path = Base.lproj/SafariExtensionViewController.xib; sourceTree = "<group>"; };
		9A260070243E8DE600F4553E /* Info.plist */ = {isa = PBXFileReference; lastKnownFileType = text.plist.xml; path = Info.plist; sourceTree = "<group>"; };
		9A260071243E8DE600F4553E /* script.js */ = {isa = PBXFileReference; lastKnownFileType = sourcecode.javascript; path = script.js; sourceTree = "<group>"; };
		9A260073243E8DE600F4553E /* ToolbarItemIcon.pdf */ = {isa = PBXFileReference; lastKnownFileType = image.pdf; path = ToolbarItemIcon.pdf; sourceTree = "<group>"; };
		9A260075243E8DE600F4553E /* Extension.entitlements */ = {isa = PBXFileReference; lastKnownFileType = text.plist.entitlements; path = Extension.entitlements; sourceTree = "<group>"; };
		9A26007D243E909A00F4553E /* WindowController.swift */ = {isa = PBXFileReference; lastKnownFileType = sourcecode.swift; path = WindowController.swift; sourceTree = "<group>"; };
		9A26007F243E916B00F4553E /* MainView.swift */ = {isa = PBXFileReference; fileEncoding = 4; lastKnownFileType = sourcecode.swift; path = MainView.swift; sourceTree = "<group>"; };
/* End PBXFileReference section */

/* Begin PBXFrameworksBuildPhase section */
		9A260047243E8C9100F4553E /* Frameworks */ = {
			isa = PBXFrameworksBuildPhase;
			buildActionMask = 2147483647;
			files = (
			);
			runOnlyForDeploymentPostprocessing = 0;
		};
		9A260061243E8DE600F4553E /* Frameworks */ = {
			isa = PBXFrameworksBuildPhase;
			buildActionMask = 2147483647;
			files = (
				9A260067243E8DE600F4553E /* Cocoa.framework in Frameworks */,
			);
			runOnlyForDeploymentPostprocessing = 0;
		};
/* End PBXFrameworksBuildPhase section */

/* Begin PBXGroup section */
		9A260041243E8C9100F4553E = {
			isa = PBXGroup;
			children = (
				9A26004C243E8C9100F4553E /* Karen */,
				9A260068243E8DE600F4553E /* Extension */,
				9A260065243E8DE600F4553E /* Frameworks */,
				9A26004B243E8C9100F4553E /* Products */,
			);
			sourceTree = "<group>";
		};
		9A26004B243E8C9100F4553E /* Products */ = {
			isa = PBXGroup;
			children = (
				9A26004A243E8C9100F4553E /* Karen.app */,
				9A260064243E8DE600F4553E /* Extension.appex */,
			);
			name = Products;
			sourceTree = "<group>";
		};
		9A26004C243E8C9100F4553E /* Karen */ = {
			isa = PBXGroup;
			children = (
				9A26004D243E8C9100F4553E /* AppDelegate.swift */,
				9A26007F243E916B00F4553E /* MainView.swift */,
				9A260054243E8C9300F4553E /* Assets.xcassets */,
				9A260056243E8C9300F4553E /* Main.storyboard */,
				9A260059243E8C9300F4553E /* Info.plist */,
				9A26005A243E8C9300F4553E /* Karen.entitlements */,
				9A260051243E8C9100F4553E /* Karen.xcdatamodeld */,
				9A26007D243E909A00F4553E /* WindowController.swift */,
			);
			path = Karen;
			sourceTree = "<group>";
		};
		9A260065243E8DE600F4553E /* Frameworks */ = {
			isa = PBXGroup;
			children = (
				9A260066243E8DE600F4553E /* Cocoa.framework */,
			);
			name = Frameworks;
			sourceTree = "<group>";
		};
		9A260068243E8DE600F4553E /* Extension */ = {
			isa = PBXGroup;
			children = (
				9A260069243E8DE600F4553E /* SafariExtensionHandler.swift */,
				9A26006B243E8DE600F4553E /* SafariExtensionViewController.swift */,
				9A26006D243E8DE600F4553E /* SafariExtensionViewController.xib */,
				9A260070243E8DE600F4553E /* Info.plist */,
				9A260071243E8DE600F4553E /* script.js */,
				9A260073243E8DE600F4553E /* ToolbarItemIcon.pdf */,
				9A260075243E8DE600F4553E /* Extension.entitlements */,
			);
			path = Extension;
			sourceTree = "<group>";
		};
/* End PBXGroup section */

/* Begin PBXNativeTarget section */
		9A260049243E8C9100F4553E /* Karen */ = {
			isa = PBXNativeTarget;
			buildConfigurationList = 9A26005D243E8C9300F4553E /* Build configuration list for PBXNativeTarget "Karen" */;
			buildPhases = (
				9A260046243E8C9100F4553E /* Sources */,
				9A260047243E8C9100F4553E /* Frameworks */,
				9A260048243E8C9100F4553E /* Resources */,
				9A26007C243E8DE600F4553E /* Embed App Extensions */,
			);
			buildRules = (
			);
			dependencies = (
				9A260077243E8DE600F4553E /* PBXTargetDependency */,
			);
			name = Karen;
			productName = Karen;
			productReference = 9A26004A243E8C9100F4553E /* Karen.app */;
			productType = "com.apple.product-type.application";
		};
		9A260063243E8DE600F4553E /* Extension */ = {
			isa = PBXNativeTarget;
			buildConfigurationList = 9A260079243E8DE600F4553E /* Build configuration list for PBXNativeTarget "Extension" */;
			buildPhases = (
				9A260060243E8DE600F4553E /* Sources */,
				9A260061243E8DE600F4553E /* Frameworks */,
				9A260062243E8DE600F4553E /* Resources */,
			);
			buildRules = (
			);
			dependencies = (
			);
			name = Extension;
			productName = Extension;
			productReference = 9A260064243E8DE600F4553E /* Extension.appex */;
			productType = "com.apple.product-type.app-extension";
		};
/* End PBXNativeTarget section */

/* Begin PBXProject section */
		9A260042243E8C9100F4553E /* Project object */ = {
			isa = PBXProject;
			attributes = {
				LastSwiftUpdateCheck = 1140;
				LastUpgradeCheck = 1140;
				ORGANIZATIONNAME = "Dylan Dunn";
				TargetAttributes = {
					9A260049243E8C9100F4553E = {
						CreatedOnToolsVersion = 11.4;
					};
					9A260063243E8DE600F4553E = {
						CreatedOnToolsVersion = 11.4;
					};
				};
			};
			buildConfigurationList = 9A260045243E8C9100F4553E /* Build configuration list for PBXProject "Karen" */;
			compatibilityVersion = "Xcode 9.3";
			developmentRegion = en;
			hasScannedForEncodings = 0;
			knownRegions = (
				en,
				Base,
			);
			mainGroup = 9A260041243E8C9100F4553E;
			productRefGroup = 9A26004B243E8C9100F4553E /* Products */;
			projectDirPath = "";
			projectRoot = "";
			targets = (
				9A260049243E8C9100F4553E /* Karen */,
				9A260063243E8DE600F4553E /* Extension */,
			);
		};
/* End PBXProject section */

/* Begin PBXResourcesBuildPhase section */
		9A260048243E8C9100F4553E /* Resources */ = {
			isa = PBXResourcesBuildPhase;
			buildActionMask = 2147483647;
			files = (
				9A260055243E8C9300F4553E /* Assets.xcassets in Resources */,
				9A260058243E8C9300F4553E /* Main.storyboard in Resources */,
			);
			runOnlyForDeploymentPostprocessing = 0;
		};
		9A260062243E8DE600F4553E /* Resources */ = {
			isa = PBXResourcesBuildPhase;
			buildActionMask = 2147483647;
			files = (
				9A260074243E8DE600F4553E /* ToolbarItemIcon.pdf in Resources */,
				9A26006F243E8DE600F4553E /* SafariExtensionViewController.xib in Resources */,
				9A260072243E8DE600F4553E /* script.js in Resources */,
			);
			runOnlyForDeploymentPostprocessing = 0;
		};
/* End PBXResourcesBuildPhase section */

/* Begin PBXSourcesBuildPhase section */
		9A260046243E8C9100F4553E /* Sources */ = {
			isa = PBXSourcesBuildPhase;
			buildActionMask = 2147483647;
			files = (
				9A260053243E8C9100F4553E /* Karen.xcdatamodeld in Sources */,
				9A26007E243E909A00F4553E /* WindowController.swift in Sources */,
				9A260080243E916B00F4553E /* MainView.swift in Sources */,
				9A26004E243E8C9100F4553E /* AppDelegate.swift in Sources */,
			);
			runOnlyForDeploymentPostprocessing = 0;
		};
		9A260060243E8DE600F4553E /* Sources */ = {
			isa = PBXSourcesBuildPhase;
			buildActionMask = 2147483647;
			files = (
				9A26006C243E8DE600F4553E /* SafariExtensionViewController.swift in Sources */,
				9A26006A243E8DE600F4553E /* SafariExtensionHandler.swift in Sources */,
			);
			runOnlyForDeploymentPostprocessing = 0;
		};
/* End PBXSourcesBuildPhase section */

/* Begin PBXTargetDependency section */
		9A260077243E8DE600F4553E /* PBXTargetDependency */ = {
			isa = PBXTargetDependency;
			target = 9A260063243E8DE600F4553E /* Extension */;
			targetProxy = 9A260076243E8DE600F4553E /* PBXContainerItemProxy */;
		};
/* End PBXTargetDependency section */

/* Begin PBXVariantGroup section */
		9A260056243E8C9300F4553E /* Main.storyboard */ = {
			isa = PBXVariantGroup;
			children = (
				9A260057243E8C9300F4553E /* Base */,
			);
			name = Main.storyboard;
			sourceTree = "<group>";
		};
		9A26006D243E8DE600F4553E /* SafariExtensionViewController.xib */ = {
			isa = PBXVariantGroup;
			children = (
				9A26006E243E8DE600F4553E /* Base */,
			);
			name = SafariExtensionViewController.xib;
			sourceTree = "<group>";
		};
/* End PBXVariantGroup section */

/* Begin XCBuildConfiguration section */
		9A26005B243E8C9300F4553E /* Debug */ = {
			isa = XCBuildConfiguration;
			buildSettings = {
				ALWAYS_SEARCH_USER_PATHS = NO;
				CLANG_ANALYZER_NONNULL = YES;
				CLANG_ANALYZER_NUMBER_OBJECT_CONVERSION = YES_AGGRESSIVE;
				CLANG_CXX_LANGUAGE_STANDARD = "gnu++14";
				CLANG_CXX_LIBRARY = "libc++";
				CLANG_ENABLE_MODULES = YES;
				CLANG_ENABLE_OBJC_ARC = YES;
				CLANG_ENABLE_OBJC_WEAK = YES;
				CLANG_WARN_BLOCK_CAPTURE_AUTORELEASING = YES;
				CLANG_WARN_BOOL_CONVERSION = YES;
				CLANG_WARN_COMMA = YES;
				CLANG_WARN_CONSTANT_CONVERSION = YES;
				CLANG_WARN_DEPRECATED_OBJC_IMPLEMENTATIONS = YES;
				CLANG_WARN_DIRECT_OBJC_ISA_USAGE = YES_ERROR;
				CLANG_WARN_DOCUMENTATION_COMMENTS = YES;
				CLANG_WARN_EMPTY_BODY = YES;
				CLANG_WARN_ENUM_CONVERSION = YES;
				CLANG_WARN_INFINITE_RECURSION = YES;
				CLANG_WARN_INT_CONVERSION = YES;
				CLANG_WARN_NON_LITERAL_NULL_CONVERSION = YES;
				CLANG_WARN_OBJC_IMPLICIT_RETAIN_SELF = YES;
				CLANG_WARN_OBJC_LITERAL_CONVERSION = YES;
				CLANG_WARN_OBJC_ROOT_CLASS = YES_ERROR;
				CLANG_WARN_RANGE_LOOP_ANALYSIS = YES;
				CLANG_WARN_STRICT_PROTOTYPES = YES;
				CLANG_WARN_SUSPICIOUS_MOVE = YES;
				CLANG_WARN_UNGUARDED_AVAILABILITY = YES_AGGRESSIVE;
				CLANG_WARN_UNREACHABLE_CODE = YES;
				CLANG_WARN__DUPLICATE_METHOD_MATCH = YES;
				COPY_PHASE_STRIP = NO;
				DEBUG_INFORMATION_FORMAT = dwarf;
				ENABLE_STRICT_OBJC_MSGSEND = YES;
				ENABLE_TESTABILITY = YES;
				GCC_C_LANGUAGE_STANDARD = gnu11;
				GCC_DYNAMIC_NO_PIC = NO;
				GCC_NO_COMMON_BLOCKS = YES;
				GCC_OPTIMIZATION_LEVEL = 0;
				GCC_PREPROCESSOR_DEFINITIONS = (
					"DEBUG=1",
					"$(inherited)",
				);
				GCC_WARN_64_TO_32_BIT_CONVERSION = YES;
				GCC_WARN_ABOUT_RETURN_TYPE = YES_ERROR;
				GCC_WARN_UNDECLARED_SELECTOR = YES;
				GCC_WARN_UNINITIALIZED_AUTOS = YES_AGGRESSIVE;
				GCC_WARN_UNUSED_FUNCTION = YES;
				GCC_WARN_UNUSED_VARIABLE = YES;
				MACOSX_DEPLOYMENT_TARGET = 10.15;
				MTL_ENABLE_DEBUG_INFO = INCLUDE_SOURCE;
				MTL_FAST_MATH = YES;
				ONLY_ACTIVE_ARCH = YES;
				SDKROOT = macosx;
				SWIFT_ACTIVE_COMPILATION_CONDITIONS = DEBUG;
				SWIFT_OPTIMIZATION_LEVEL = "-Onone";
			};
			name = Debug;
		};
		9A26005C243E8C9300F4553E /* Release */ = {
			isa = XCBuildConfiguration;
			buildSettings = {
				ALWAYS_SEARCH_USER_PATHS = NO;
				CLANG_ANALYZER_NONNULL = YES;
				CLANG_ANALYZER_NUMBER_OBJECT_CONVERSION = YES_AGGRESSIVE;
				CLANG_CXX_LANGUAGE_STANDARD = "gnu++14";
				CLANG_CXX_LIBRARY = "libc++";
				CLANG_ENABLE_MODULES = YES;
				CLANG_ENABLE_OBJC_ARC = YES;
				CLANG_ENABLE_OBJC_WEAK = YES;
				CLANG_WARN_BLOCK_CAPTURE_AUTORELEASING = YES;
				CLANG_WARN_BOOL_CONVERSION = YES;
				CLANG_WARN_COMMA = YES;
				CLANG_WARN_CONSTANT_CONVERSION = YES;
				CLANG_WARN_DEPRECATED_OBJC_IMPLEMENTATIONS = YES;
				CLANG_WARN_DIRECT_OBJC_ISA_USAGE = YES_ERROR;
				CLANG_WARN_DOCUMENTATION_COMMENTS = YES;
				CLANG_WARN_EMPTY_BODY = YES;
				CLANG_WARN_ENUM_CONVERSION = YES;
				CLANG_WARN_INFINITE_RECURSION = YES;
				CLANG_WARN_INT_CONVERSION = YES;
				CLANG_WARN_NON_LITERAL_NULL_CONVERSION = YES;
				CLANG_WARN_OBJC_IMPLICIT_RETAIN_SELF = YES;
				CLANG_WARN_OBJC_LITERAL_CONVERSION = YES;
				CLANG_WARN_OBJC_ROOT_CLASS = YES_ERROR;
				CLANG_WARN_RANGE_LOOP_ANALYSIS = YES;
				CLANG_WARN_STRICT_PROTOTYPES = YES;
				CLANG_WARN_SUSPICIOUS_MOVE = YES;
				CLANG_WARN_UNGUARDED_AVAILABILITY = YES_AGGRESSIVE;
				CLANG_WARN_UNREACHABLE_CODE = YES;
				CLANG_WARN__DUPLICATE_METHOD_MATCH = YES;
				COPY_PHASE_STRIP = NO;
				DEBUG_INFORMATION_FORMAT = "dwarf-with-dsym";
				ENABLE_NS_ASSERTIONS = NO;
				ENABLE_STRICT_OBJC_MSGSEND = YES;
				GCC_C_LANGUAGE_STANDARD = gnu11;
				GCC_NO_COMMON_BLOCKS = YES;
				GCC_WARN_64_TO_32_BIT_CONVERSION = YES;
				GCC_WARN_ABOUT_RETURN_TYPE = YES_ERROR;
				GCC_WARN_UNDECLARED_SELECTOR = YES;
				GCC_WARN_UNINITIALIZED_AUTOS = YES_AGGRESSIVE;
				GCC_WARN_UNUSED_FUNCTION = YES;
				GCC_WARN_UNUSED_VARIABLE = YES;
				MACOSX_DEPLOYMENT_TARGET = 10.15;
				MTL_ENABLE_DEBUG_INFO = NO;
				MTL_FAST_MATH = YES;
				SDKROOT = macosx;
				SWIFT_COMPILATION_MODE = wholemodule;
				SWIFT_OPTIMIZATION_LEVEL = "-O";
			};
			name = Release;
		};
		9A26005E243E8C9300F4553E /* Debug */ = {
			isa = XCBuildConfiguration;
			buildSettings = {
				ALWAYS_EMBED_SWIFT_STANDARD_LIBRARIES = YES;
				ASSETCATALOG_COMPILER_APPICON_NAME = AppIcon;
				CODE_SIGN_ENTITLEMENTS = Karen/Karen.entitlements;
				CODE_SIGN_STYLE = Automatic;
				COMBINE_HIDPI_IMAGES = YES;
				DEVELOPMENT_TEAM = 483KLC6N9W;
				ENABLE_HARDENED_RUNTIME = YES;
				INFOPLIST_FILE = Karen/Info.plist;
				LD_RUNPATH_SEARCH_PATHS = (
					"$(inherited)",
					"@executable_path/../Frameworks",
				);
				MACOSX_DEPLOYMENT_TARGET = 10.15;
				PRODUCT_BUNDLE_IDENTIFIER = com.dylandunn.Karen;
				PRODUCT_NAME = "$(TARGET_NAME)";
				SWIFT_VERSION = 5.0;
			};
			name = Debug;
		};
		9A26005F243E8C9300F4553E /* Release */ = {
			isa = XCBuildConfiguration;
			buildSettings = {
				ALWAYS_EMBED_SWIFT_STANDARD_LIBRARIES = YES;
				ASSETCATALOG_COMPILER_APPICON_NAME = AppIcon;
				CODE_SIGN_ENTITLEMENTS = Karen/Karen.entitlements;
				CODE_SIGN_STYLE = Automatic;
				COMBINE_HIDPI_IMAGES = YES;
				DEVELOPMENT_TEAM = 483KLC6N9W;
				ENABLE_HARDENED_RUNTIME = YES;
				INFOPLIST_FILE = Karen/Info.plist;
				LD_RUNPATH_SEARCH_PATHS = (
					"$(inherited)",
					"@executable_path/../Frameworks",
				);
				MACOSX_DEPLOYMENT_TARGET = 10.15;
				PRODUCT_BUNDLE_IDENTIFIER = com.dylandunn.Karen;
				PRODUCT_NAME = "$(TARGET_NAME)";
				SWIFT_VERSION = 5.0;
			};
			name = Release;
		};
		9A26007A243E8DE600F4553E /* Debug */ = {
			isa = XCBuildConfiguration;
			buildSettings = {
				CODE_SIGN_ENTITLEMENTS = Extension/Extension.entitlements;
				CODE_SIGN_STYLE = Automatic;
				DEVELOPMENT_TEAM = 483KLC6N9W;
				ENABLE_HARDENED_RUNTIME = YES;
				INFOPLIST_FILE = Extension/Info.plist;
				LD_RUNPATH_SEARCH_PATHS = (
					"$(inherited)",
					"@executable_path/../Frameworks",
					"@executable_path/../../../../Frameworks",
				);
				PRODUCT_BUNDLE_IDENTIFIER = com.dylandunn.Karen.Extension;
				PRODUCT_NAME = "$(TARGET_NAME)";
				SKIP_INSTALL = YES;
				SWIFT_VERSION = 5.0;
			};
			name = Debug;
		};
		9A26007B243E8DE600F4553E /* Release */ = {
			isa = XCBuildConfiguration;
			buildSettings = {
				CODE_SIGN_ENTITLEMENTS = Extension/Extension.entitlements;
				CODE_SIGN_STYLE = Automatic;
				DEVELOPMENT_TEAM = 483KLC6N9W;
				ENABLE_HARDENED_RUNTIME = YES;
				INFOPLIST_FILE = Extension/Info.plist;
				LD_RUNPATH_SEARCH_PATHS = (
					"$(inherited)",
					"@executable_path/../Frameworks",
					"@executable_path/../../../../Frameworks",
				);
				PRODUCT_BUNDLE_IDENTIFIER = com.dylandunn.Karen.Extension;
				PRODUCT_NAME = "$(TARGET_NAME)";
				SKIP_INSTALL = YES;
				SWIFT_VERSION = 5.0;
			};
			name = Release;
		};
/* End XCBuildConfiguration section */

/* Begin XCConfigurationList section */
		9A260045243E8C9100F4553E /* Build configuration list for PBXProject "Karen" */ = {
			isa = XCConfigurationList;
			buildConfigurations = (
				9A26005B243E8C9300F4553E /* Debug */,
				9A26005C243E8C9300F4553E /* Release */,
			);
			defaultConfigurationIsVisible = 0;
			defaultConfigurationName = Release;
		};
		9A26005D243E8C9300F4553E /* Build configuration list for PBXNativeTarget "Karen" */ = {
			isa = XCConfigurationList;
			buildConfigurations = (
				9A26005E243E8C9300F4553E /* Debug */,
				9A26005F243E8C9300F4553E /* Release */,
			);
			defaultConfigurationIsVisible = 0;
			defaultConfigurationName = Release;
		};
		9A260079243E8DE600F4553E /* Build configuration list for PBXNativeTarget "Extension" */ = {
			isa = XCConfigurationList;
			buildConfigurations = (
				9A26007A243E8DE600F4553E /* Debug */,
				9A26007B243E8DE600F4553E /* Release */,
			);
			defaultConfigurationIsVisible = 0;
			defaultConfigurationName = Release;
		};
/* End XCConfigurationList section */

/* Begin XCVersionGroup section */
		9A260051243E8C9100F4553E /* Karen.xcdatamodeld */ = {
			isa = XCVersionGroup;
			children = (
				9A260052243E8C9100F4553E /* Karen.xcdatamodel */,
			);
			currentVersion = 9A260052243E8C9100F4553E /* Karen.xcdatamodel */;
			path = Karen.xcdatamodeld;
			sourceTree = "<group>";
			versionGroupType = wrapper.xcdatamodel;
		};
/* End XCVersionGroup section */
	};
	rootObject = 9A260042243E8C9100F4553E /* Project object */;
}
